
Microsoft Visual Studio Solution File, Format Version 12.00
# Visual Studio 2013
VisualStudioVersion = 12.0.31101.0
MinimumVisualStudioVersion = 10.0.40219.1
Project("{FAE04EC0-301F-11D3-BF4B-00C04F79EFBC}") = "InheritanceJsonSerialization", "InheritanceJsonSerialization\InheritanceJsonSerialization.csproj", "{88E56F7B-96CB-4305-A58F-8707A3716121}"
EndProject
Project("{2150E333-8FDC-42A3-9474-1A3956D46DE8}") = ".nuget", ".nuget", "{D858A46A-8BA1-42D9-9389-B97FA5B8492E}"
	ProjectSection(SolutionItems) = preProject
		.nuget\packages.config = .nuget\packages.config
	EndProjectSection
EndProject
Project("{2150E333-8FDC-42A3-9474-1A3956D46DE8}") = "Client", "Client", "{C5F977CE-8BBE-4B25-B685-8831EFB785C3}"
EndProject
Project("{FAE04EC0-301F-11D3-BF4B-00C04F79EFBC}") = "InheritanceJsonSerialization.Client", "Client\InheritanceJsonSerialization.Client\InheritanceJsonSerialization.Client\InheritanceJsonSerialization.Client.csproj", "{2F2492FA-21F2-4D36-95B5-4E1098939743}"
EndProject
Project("{FAE04EC0-301F-11D3-BF4B-00C04F79EFBC}") = "InheritanceJsonSerialization.Client.iOS", "Client\InheritanceJsonSerialization.Client\InheritanceJsonSerialization.Client.iOS\InheritanceJsonSerialization.Client.iOS.csproj", "{F60676E4-219F-4D35-892F-17F62897C090}"
EndProject
Project("{FAE04EC0-301F-11D3-BF4B-00C04F79EFBC}") = "InheritanceJsonSerialization.Client.Droid", "Client\InheritanceJsonSerialization.Client\InheritanceJsonSerialization.Client.Droid\InheritanceJsonSerialization.Client.Droid.csproj", "{A6662120-8DB0-4C4F-BA36-2F1E862BBF18}"
EndProject
Project("{FAE04EC0-301F-11D3-BF4B-00C04F79EFBC}") = "InheritanceJsonSerialization.Client.WinPhone", "Client\InheritanceJsonSerialization.Client\InheritanceJsonSerialization.Client.WinPhone\InheritanceJsonSerialization.Client.WinPhone.csproj", "{FEAC5D98-08FC-4CBE-97DF-1C2F20B5C63F}"
EndProject
Global
	GlobalSection(SolutionConfigurationPlatforms) = preSolution
		Ad-Hoc|Any CPU = Ad-Hoc|Any CPU
		Ad-Hoc|ARM = Ad-Hoc|ARM
		Ad-Hoc|iPhone = Ad-Hoc|iPhone
		Ad-Hoc|iPhoneSimulator = Ad-Hoc|iPhoneSimulator
		Ad-Hoc|Mixed Platforms = Ad-Hoc|Mixed Platforms
		Ad-Hoc|x86 = Ad-Hoc|x86
		AppStore|Any CPU = AppStore|Any CPU
		AppStore|ARM = AppStore|ARM
		AppStore|iPhone = AppStore|iPhone
		AppStore|iPhoneSimulator = AppStore|iPhoneSimulator
		AppStore|Mixed Platforms = AppStore|Mixed Platforms
		AppStore|x86 = AppStore|x86
		Debug|Any CPU = Debug|Any CPU
		Debug|ARM = Debug|ARM
		Debug|iPhone = Debug|iPhone
		Debug|iPhoneSimulator = Debug|iPhoneSimulator
		Debug|Mixed Platforms = Debug|Mixed Platforms
		Debug|x86 = Debug|x86
		Release|Any CPU = Release|Any CPU
		Release|ARM = Release|ARM
		Release|iPhone = Release|iPhone
		Release|iPhoneSimulator = Release|iPhoneSimulator
		Release|Mixed Platforms = Release|Mixed Platforms
		Release|x86 = Release|x86
	EndGlobalSection
	GlobalSection(ProjectConfigurationPlatforms) = postSolution
		{88E56F7B-96CB-4305-A58F-8707A3716121}.Ad-Hoc|Any CPU.ActiveCfg = Release|Any CPU
		{88E56F7B-96CB-4305-A58F-8707A3716121}.Ad-Hoc|Any CPU.Build.0 = Release|Any CPU
		{88E56F7B-96CB-4305-A58F-8707A3716121}.Ad-Hoc|ARM.ActiveCfg = Release|Any CPU
		{88E56F7B-96CB-4305-A58F-8707A3716121}.Ad-Hoc|iPhone.ActiveCfg = Release|Any CPU
		{88E56F7B-96CB-4305-A58F-8707A3716121}.Ad-Hoc|iPhoneSimulator.ActiveCfg = Release|Any CPU
		{88E56F7B-96CB-4305-A58F-8707A3716121}.Ad-Hoc|Mixed Platforms.ActiveCfg = Release|Any CPU
		{88E56F7B-96CB-4305-A58F-8707A3716121}.Ad-Hoc|Mixed Platforms.Build.0 = Release|Any CPU
		{88E56F7B-96CB-4305-A58F-8707A3716121}.Ad-Hoc|x86.ActiveCfg = Release|Any CPU
		{88E56F7B-96CB-4305-A58F-8707A3716121}.AppStore|Any CPU.ActiveCfg = Release|Any CPU
		{88E56F7B-96CB-4305-A58F-8707A3716121}.AppStore|Any CPU.Build.0 = Release|Any CPU
		{88E56F7B-96CB-4305-A58F-8707A3716121}.AppStore|ARM.ActiveCfg = Release|Any CPU
		{88E56F7B-96CB-4305-A58F-8707A3716121}.AppStore|iPhone.ActiveCfg = Release|Any CPU
		{88E56F7B-96CB-4305-A58F-8707A3716121}.AppStore|iPhoneSimulator.ActiveCfg = Release|Any CPU
		{88E56F7B-96CB-4305-A58F-8707A3716121}.AppStore|Mixed Platforms.ActiveCfg = Release|Any CPU
		{88E56F7B-96CB-4305-A58F-8707A3716121}.AppStore|Mixed Platforms.Build.0 = Release|Any CPU
		{88E56F7B-96CB-4305-A58F-8707A3716121}.AppStore|x86.ActiveCfg = Release|Any CPU
		{88E56F7B-96CB-4305-A58F-8707A3716121}.Debug|Any CPU.ActiveCfg = Debug|Any CPU
		{88E56F7B-96CB-4305-A58F-8707A3716121}.Debug|Any CPU.Build.0 = Debug|Any CPU
		{88E56F7B-96CB-4305-A58F-8707A3716121}.Debug|ARM.ActiveCfg = Debug|Any CPU
		{88E56F7B-96CB-4305-A58F-8707A3716121}.Debug|iPhone.ActiveCfg = Debug|Any CPU
		{88E56F7B-96CB-4305-A58F-8707A3716121}.Debug|iPhoneSimulator.ActiveCfg = Debug|Any CPU
		{88E56F7B-96CB-4305-A58F-8707A3716121}.Debug|Mixed Platforms.ActiveCfg = Debug|Any CPU
		{88E56F7B-96CB-4305-A58F-8707A3716121}.Debug|Mixed Platforms.Build.0 = Debug|Any CPU
		{88E56F7B-96CB-4305-A58F-8707A3716121}.Debug|x86.ActiveCfg = Debug|Any CPU
		{88E56F7B-96CB-4305-A58F-8707A3716121}.Release|Any CPU.ActiveCfg = Release|Any CPU
		{88E56F7B-96CB-4305-A58F-8707A3716121}.Release|Any CPU.Build.0 = Release|Any CPU
		{88E56F7B-96CB-4305-A58F-8707A3716121}.Release|ARM.ActiveCfg = Release|Any CPU
		{88E56F7B-96CB-4305-A58F-8707A3716121}.Release|iPhone.ActiveCfg = Release|Any CPU
		{88E56F7B-96CB-4305-A58F-8707A3716121}.Release|iPhoneSimulator.ActiveCfg = Release|Any CPU
		{88E56F7B-96CB-4305-A58F-8707A3716121}.Release|Mixed Platforms.ActiveCfg = Release|Any CPU
		{88E56F7B-96CB-4305-A58F-8707A3716121}.Release|Mixed Platforms.Build.0 = Release|Any CPU
		{88E56F7B-96CB-4305-A58F-8707A3716121}.Release|x86.ActiveCfg = Release|Any CPU
		{2F2492FA-21F2-4D36-95B5-4E1098939743}.Ad-Hoc|Any CPU.ActiveCfg = Release|Any CPU
		{2F2492FA-21F2-4D36-95B5-4E1098939743}.Ad-Hoc|Any CPU.Build.0 = Release|Any CPU
		{2F2492FA-21F2-4D36-95B5-4E1098939743}.Ad-Hoc|ARM.ActiveCfg = Release|Any CPU
		{2F2492FA-21F2-4D36-95B5-4E1098939743}.Ad-Hoc|iPhone.ActiveCfg = Release|Any CPU
		{2F2492FA-21F2-4D36-95B5-4E1098939743}.Ad-Hoc|iPhoneSimulator.ActiveCfg = Release|Any CPU
		{2F2492FA-21F2-4D36-95B5-4E1098939743}.Ad-Hoc|Mixed Platforms.ActiveCfg = Release|Any CPU
		{2F2492FA-21F2-4D36-95B5-4E1098939743}.Ad-Hoc|Mixed Platforms.Build.0 = Release|Any CPU
		{2F2492FA-21F2-4D36-95B5-4E1098939743}.Ad-Hoc|x86.ActiveCfg = Release|Any CPU
		{2F2492FA-21F2-4D36-95B5-4E1098939743}.AppStore|Any CPU.ActiveCfg = Release|Any CPU
		{2F2492FA-21F2-4D36-95B5-4E1098939743}.AppStore|Any CPU.Build.0 = Release|Any CPU
		{2F2492FA-21F2-4D36-95B5-4E1098939743}.AppStore|ARM.ActiveCfg = Release|Any CPU
		{2F2492FA-21F2-4D36-95B5-4E1098939743}.AppStore|iPhone.ActiveCfg = Release|Any CPU
		{2F2492FA-21F2-4D36-95B5-4E1098939743}.AppStore|iPhoneSimulator.ActiveCfg = Release|Any CPU
		{2F2492FA-21F2-4D36-95B5-4E1098939743}.AppStore|Mixed Platforms.ActiveCfg = Release|Any CPU
		{2F2492FA-21F2-4D36-95B5-4E1098939743}.AppStore|Mixed Platforms.Build.0 = Release|Any CPU
		{2F2492FA-21F2-4D36-95B5-4E1098939743}.AppStore|x86.ActiveCfg = Release|Any CPU
		{2F2492FA-21F2-4D36-95B5-4E1098939743}.Debug|Any CPU.ActiveCfg = Debug|Any CPU
		{2F2492FA-21F2-4D36-95B5-4E1098939743}.Debug|Any CPU.Build.0 = Debug|Any CPU
		{2F2492FA-21F2-4D36-95B5-4E1098939743}.Debug|ARM.ActiveCfg = Debug|Any CPU
		{2F2492FA-21F2-4D36-95B5-4E1098939743}.Debug|iPhone.ActiveCfg = Debug|Any CPU
		{2F2492FA-21F2-4D36-95B5-4E1098939743}.Debug|iPhoneSimulator.ActiveCfg = Debug|Any CPU
		{2F2492FA-21F2-4D36-95B5-4E1098939743}.Debug|Mixed Platforms.ActiveCfg = Debug|Any CPU
		{2F2492FA-21F2-4D36-95B5-4E1098939743}.Debug|Mixed Platforms.Build.0 = Debug|Any CPU
		{2F2492FA-21F2-4D36-95B5-4E1098939743}.Debug|x86.ActiveCfg = Debug|Any CPU
		{2F2492FA-21F2-4D36-95B5-4E1098939743}.Release|Any CPU.ActiveCfg = Release|Any CPU
		{2F2492FA-21F2-4D36-95B5-4E1098939743}.Release|Any CPU.Build.0 = Release|Any CPU
		{2F2492FA-21F2-4D36-95B5-4E1098939743}.Release|ARM.ActiveCfg = Release|Any CPU
		{2F2492FA-21F2-4D36-95B5-4E1098939743}.Release|iPhone.ActiveCfg = Release|Any CPU
		{2F2492FA-21F2-4D36-95B5-4E1098939743}.Release|iPhoneSimulator.ActiveCfg = Release|Any CPU
		{2F2492FA-21F2-4D36-95B5-4E1098939743}.Release|Mixed Platforms.ActiveCfg = Release|Any CPU
		{2F2492FA-21F2-4D36-95B5-4E1098939743}.Release|Mixed Platforms.Build.0 = Release|Any CPU
		{2F2492FA-21F2-4D36-95B5-4E1098939743}.Release|x86.ActiveCfg = Release|Any CPU
		{F60676E4-219F-4D35-892F-17F62897C090}.Ad-Hoc|Any CPU.ActiveCfg = Ad-Hoc|iPhone
		{F60676E4-219F-4D35-892F-17F62897C090}.Ad-Hoc|ARM.ActiveCfg = Ad-Hoc|iPhone
		{F60676E4-219F-4D35-892F-17F62897C090}.Ad-Hoc|iPhone.ActiveCfg = Ad-Hoc|iPhone
		{F60676E4-219F-4D35-892F-17F62897C090}.Ad-Hoc|iPhone.Build.0 = Ad-Hoc|iPhone
		{F60676E4-219F-4D35-892F-17F62897C090}.Ad-Hoc|iPhoneSimulator.ActiveCfg = Ad-Hoc|iPhoneSimulator
		{F60676E4-219F-4D35-892F-17F62897C090}.Ad-Hoc|iPhoneSimulator.Build.0 = Ad-Hoc|iPhoneSimulator
		{F60676E4-219F-4D35-892F-17F62897C090}.Ad-Hoc|Mixed Platforms.ActiveCfg = Ad-Hoc|iPhone
		{F60676E4-219F-4D35-892F-17F62897C090}.Ad-Hoc|Mixed Platforms.Build.0 = Ad-Hoc|iPhone
		{F60676E4-219F-4D35-892F-17F62897C090}.Ad-Hoc|x86.ActiveCfg = Ad-Hoc|iPhone
		{F60676E4-219F-4D35-892F-17F62897C090}.AppStore|Any CPU.ActiveCfg = AppStore|iPhone
		{F60676E4-219F-4D35-892F-17F62897C090}.AppStore|ARM.ActiveCfg = AppStore|iPhone
		{F60676E4-219F-4D35-892F-17F62897C090}.AppStore|iPhone.ActiveCfg = AppStore|iPhone
		{F60676E4-219F-4D35-892F-17F62897C090}.AppStore|iPhone.Build.0 = AppStore|iPhone
		{F60676E4-219F-4D35-892F-17F62897C090}.AppStore|iPhoneSimulator.ActiveCfg = AppStore|iPhoneSimulator
		{F60676E4-219F-4D35-892F-17F62897C090}.AppStore|iPhoneSimulator.Build.0 = AppStore|iPhoneSimulator
		{F60676E4-219F-4D35-892F-17F62897C090}.AppStore|Mixed Platforms.ActiveCfg = AppStore|iPhone
		{F60676E4-219F-4D35-892F-17F62897C090}.AppStore|Mixed Platforms.Build.0 = AppStore|iPhone
		{F60676E4-219F-4D35-892F-17F62897C090}.AppStore|x86.ActiveCfg = AppStore|iPhone
		{F60676E4-219F-4D35-892F-17F62897C090}.Debug|Any CPU.ActiveCfg = Debug|iPhone
		{F60676E4-219F-4D35-892F-17F62897C090}.Debug|ARM.ActiveCfg = Debug|iPhone
		{F60676E4-219F-4D35-892F-17F62897C090}.Debug|iPhone.ActiveCfg = Debug|iPhone
		{F60676E4-219F-4D35-892F-17F62897C090}.Debug|iPhone.Build.0 = Debug|iPhone
		{F60676E4-219F-4D35-892F-17F62897C090}.Debug|iPhoneSimulator.ActiveCfg = Debug|iPhoneSimulator
		{F60676E4-219F-4D35-892F-17F62897C090}.Debug|iPhoneSimulator.Build.0 = Debug|iPhoneSimulator
		{F60676E4-219F-4D35-892F-17F62897C090}.Debug|Mixed Platforms.ActiveCfg = Debug|iPhone
		{F60676E4-219F-4D35-892F-17F62897C090}.Debug|Mixed Platforms.Build.0 = Debug|iPhone
		{F60676E4-219F-4D35-892F-17F62897C090}.Debug|x86.ActiveCfg = Debug|iPhone
		{F60676E4-219F-4D35-892F-17F62897C090}.Release|Any CPU.ActiveCfg = Release|iPhone
		{F60676E4-219F-4D35-892F-17F62897C090}.Release|ARM.ActiveCfg = Release|iPhone
		{F60676E4-219F-4D35-892F-17F62897C090}.Release|iPhone.ActiveCfg = Release|iPhone
		{F60676E4-219F-4D35-892F-17F62897C090}.Release|iPhone.Build.0 = Release|iPhone
		{F60676E4-219F-4D35-892F-17F62897C090}.Release|iPhoneSimulator.ActiveCfg = Release|iPhoneSimulator
		{F60676E4-219F-4D35-892F-17F62897C090}.Release|iPhoneSimulator.Build.0 = Release|iPhoneSimulator
		{F60676E4-219F-4D35-892F-17F62897C090}.Release|Mixed Platforms.ActiveCfg = Release|iPhone
		{F60676E4-219F-4D35-892F-17F62897C090}.Release|Mixed Platforms.Build.0 = Release|iPhone
		{F60676E4-219F-4D35-892F-17F62897C090}.Release|x86.ActiveCfg = Release|iPhone
		{A6662120-8DB0-4C4F-BA36-2F1E862BBF18}.Ad-Hoc|Any CPU.ActiveCfg = Release|Any CPU
		{A6662120-8DB0-4C4F-BA36-2F1E862BBF18}.Ad-Hoc|Any CPU.Build.0 = Release|Any CPU
		{A6662120-8DB0-4C4F-BA36-2F1E862BBF18}.Ad-Hoc|Any CPU.Deploy.0 = Release|Any CPU
		{A6662120-8DB0-4C4F-BA36-2F1E862BBF18}.Ad-Hoc|ARM.ActiveCfg = Release|Any CPU
		{A6662120-8DB0-4C4F-BA36-2F1E862BBF18}.Ad-Hoc|iPhone.ActiveCfg = Release|Any CPU
		{A6662120-8DB0-4C4F-BA36-2F1E862BBF18}.Ad-Hoc|iPhoneSimulator.ActiveCfg = Release|Any CPU
		{A6662120-8DB0-4C4F-BA36-2F1E862BBF18}.Ad-Hoc|Mixed Platforms.ActiveCfg = Release|Any CPU
		{A6662120-8DB0-4C4F-BA36-2F1E862BBF18}.Ad-Hoc|Mixed Platforms.Build.0 = Release|Any CPU
		{A6662120-8DB0-4C4F-BA36-2F1E862BBF18}.Ad-Hoc|Mixed Platforms.Deploy.0 = Release|Any CPU
		{A6662120-8DB0-4C4F-BA36-2F1E862BBF18}.Ad-Hoc|x86.ActiveCfg = Release|Any CPU
		{A6662120-8DB0-4C4F-BA36-2F1E862BBF18}.AppStore|Any CPU.ActiveCfg = Release|Any CPU
		{A6662120-8DB0-4C4F-BA36-2F1E862BBF18}.AppStore|Any CPU.Build.0 = Release|Any CPU
		{A6662120-8DB0-4C4F-BA36-2F1E862BBF18}.AppStore|Any CPU.Deploy.0 = Release|Any CPU
		{A6662120-8DB0-4C4F-BA36-2F1E862BBF18}.AppStore|ARM.ActiveCfg = Release|Any CPU
		{A6662120-8DB0-4C4F-BA36-2F1E862BBF18}.AppStore|iPhone.ActiveCfg = Release|Any CPU
		{A6662120-8DB0-4C4F-BA36-2F1E862BBF18}.AppStore|iPhoneSimulator.ActiveCfg = Release|Any CPU
		{A6662120-8DB0-4C4F-BA36-2F1E862BBF18}.AppStore|Mixed Platforms.ActiveCfg = Release|Any CPU
		{A6662120-8DB0-4C4F-BA36-2F1E862BBF18}.AppStore|Mixed Platforms.Build.0 = Release|Any CPU
		{A6662120-8DB0-4C4F-BA36-2F1E862BBF18}.AppStore|Mixed Platforms.Deploy.0 = Release|Any CPU
		{A6662120-8DB0-4C4F-BA36-2F1E862BBF18}.AppStore|x86.ActiveCfg = Release|Any CPU
		{A6662120-8DB0-4C4F-BA36-2F1E862BBF18}.Debug|Any CPU.ActiveCfg = Debug|Any CPU
		{A6662120-8DB0-4C4F-BA36-2F1E862BBF18}.Debug|Any CPU.Build.0 = Debug|Any CPU
		{A6662120-8DB0-4C4F-BA36-2F1E862BBF18}.Debug|Any CPU.Deploy.0 = Debug|Any CPU
		{A6662120-8DB0-4C4F-BA36-2F1E862BBF18}.Debug|ARM.ActiveCfg = Debug|Any CPU
		{A6662120-8DB0-4C4F-BA36-2F1E862BBF18}.Debug|iPhone.ActiveCfg = Debug|Any CPU
		{A6662120-8DB0-4C4F-BA36-2F1E862BBF18}.Debug|iPhoneSimulator.ActiveCfg = Debug|Any CPU
		{A6662120-8DB0-4C4F-BA36-2F1E862BBF18}.Debug|Mixed Platforms.ActiveCfg = Debug|Any CPU
		{A6662120-8DB0-4C4F-BA36-2F1E862BBF18}.Debug|Mixed Platforms.Build.0 = Debug|Any CPU
		{A6662120-8DB0-4C4F-BA36-2F1E862BBF18}.Debug|Mixed Platforms.Deploy.0 = Debug|Any CPU
		{A6662120-8DB0-4C4F-BA36-2F1E862BBF18}.Debug|x86.ActiveCfg = Debug|Any CPU
		{A6662120-8DB0-4C4F-BA36-2F1E862BBF18}.Release|Any CPU.ActiveCfg = Release|Any CPU
		{A6662120-8DB0-4C4F-BA36-2F1E862BBF18}.Release|Any CPU.Build.0 = Release|Any CPU
		{A6662120-8DB0-4C4F-BA36-2F1E862BBF18}.Release|Any CPU.Deploy.0 = Release|Any CPU
		{A6662120-8DB0-4C4F-BA36-2F1E862BBF18}.Release|ARM.ActiveCfg = Release|Any CPU
		{A6662120-8DB0-4C4F-BA36-2F1E862BBF18}.Release|iPhone.ActiveCfg = Release|Any CPU
		{A6662120-8DB0-4C4F-BA36-2F1E862BBF18}.Release|iPhoneSimulator.ActiveCfg = Release|Any CPU
		{A6662120-8DB0-4C4F-BA36-2F1E862BBF18}.Release|Mixed Platforms.ActiveCfg = Release|Any CPU
		{A6662120-8DB0-4C4F-BA36-2F1E862BBF18}.Release|Mixed Platforms.Build.0 = Release|Any CPU
		{A6662120-8DB0-4C4F-BA36-2F1E862BBF18}.Release|Mixed Platforms.Deploy.0 = Release|Any CPU
		{A6662120-8DB0-4C4F-BA36-2F1E862BBF18}.Release|x86.ActiveCfg = Release|Any CPU
		{FEAC5D98-08FC-4CBE-97DF-1C2F20B5C63F}.Ad-Hoc|Any CPU.ActiveCfg = Release|Any CPU
		{FEAC5D98-08FC-4CBE-97DF-1C2F20B5C63F}.Ad-Hoc|Any CPU.Build.0 = Release|Any CPU
		{FEAC5D98-08FC-4CBE-97DF-1C2F20B5C63F}.Ad-Hoc|Any CPU.Deploy.0 = Release|Any CPU
		{FEAC5D98-08FC-4CBE-97DF-1C2F20B5C63F}.Ad-Hoc|ARM.ActiveCfg = Release|ARM
		{FEAC5D98-08FC-4CBE-97DF-1C2F20B5C63F}.Ad-Hoc|ARM.Build.0 = Release|ARM
		{FEAC5D98-08FC-4CBE-97DF-1C2F20B5C63F}.Ad-Hoc|ARM.Deploy.0 = Release|ARM
		{FEAC5D98-08FC-4CBE-97DF-1C2F20B5C63F}.Ad-Hoc|iPhone.ActiveCfg = Release|Any CPU
		{FEAC5D98-08FC-4CBE-97DF-1C2F20B5C63F}.Ad-Hoc|iPhoneSimulator.ActiveCfg = Release|Any CPU
		{FEAC5D98-08FC-4CBE-97DF-1C2F20B5C63F}.Ad-Hoc|Mixed Platforms.ActiveCfg = Release|x86
		{FEAC5D98-08FC-4CBE-97DF-1C2F20B5C63F}.Ad-Hoc|Mixed Platforms.Build.0 = Release|x86
		{FEAC5D98-08FC-4CBE-97DF-1C2F20B5C63F}.Ad-Hoc|Mixed Platforms.Deploy.0 = Release|x86
		{FEAC5D98-08FC-4CBE-97DF-1C2F20B5C63F}.Ad-Hoc|x86.ActiveCfg = Release|x86
		{FEAC5D98-08FC-4CBE-97DF-1C2F20B5C63F}.Ad-Hoc|x86.Build.0 = Release|x86
		{FEAC5D98-08FC-4CBE-97DF-1C2F20B5C63F}.Ad-Hoc|x86.Deploy.0 = Release|x86
		{FEAC5D98-08FC-4CBE-97DF-1C2F20B5C63F}.AppStore|Any CPU.ActiveCfg = Release|Any CPU
		{FEAC5D98-08FC-4CBE-97DF-1C2F20B5C63F}.AppStore|Any CPU.Build.0 = Release|Any CPU
		{FEAC5D98-08FC-4CBE-97DF-1C2F20B5C63F}.AppStore|Any CPU.Deploy.0 = Release|Any CPU
		{FEAC5D98-08FC-4CBE-97DF-1C2F20B5C63F}.AppStore|ARM.ActiveCfg = Release|ARM
		{FEAC5D98-08FC-4CBE-97DF-1C2F20B5C63F}.AppStore|ARM.Build.0 = Release|ARM
		{FEAC5D98-08FC-4CBE-97DF-1C2F20B5C63F}.AppStore|ARM.Deploy.0 = Release|ARM
		{FEAC5D98-08FC-4CBE-97DF-1C2F20B5C63F}.AppStore|iPhone.ActiveCfg = Release|Any CPU
		{FEAC5D98-08FC-4CBE-97DF-1C2F20B5C63F}.AppStore|iPhoneSimulator.ActiveCfg = Release|Any CPU
		{FEAC5D98-08FC-4CBE-97DF-1C2F20B5C63F}.AppStore|Mixed Platforms.ActiveCfg = Release|x86
		{FEAC5D98-08FC-4CBE-97DF-1C2F20B5C63F}.AppStore|Mixed Platforms.Build.0 = Release|x86
		{FEAC5D98-08FC-4CBE-97DF-1C2F20B5C63F}.AppStore|Mixed Platforms.Deploy.0 = Release|x86
		{FEAC5D98-08FC-4CBE-97DF-1C2F20B5C63F}.AppStore|x86.ActiveCfg = Release|x86
		{FEAC5D98-08FC-4CBE-97DF-1C2F20B5C63F}.AppStore|x86.Build.0 = Release|x86
		{FEAC5D98-08FC-4CBE-97DF-1C2F20B5C63F}.AppStore|x86.Deploy.0 = Release|x86
		{FEAC5D98-08FC-4CBE-97DF-1C2F20B5C63F}.Debug|Any CPU.ActiveCfg = Debug|Any CPU
		{FEAC5D98-08FC-4CBE-97DF-1C2F20B5C63F}.Debug|Any CPU.Build.0 = Debug|Any CPU
		{FEAC5D98-08FC-4CBE-97DF-1C2F20B5C63F}.Debug|Any CPU.Deploy.0 = Debug|Any CPU
		{FEAC5D98-08FC-4CBE-97DF-1C2F20B5C63F}.Debug|ARM.ActiveCfg = Debug|ARM
		{FEAC5D98-08FC-4CBE-97DF-1C2F20B5C63F}.Debug|ARM.Build.0 = Debug|ARM
		{FEAC5D98-08FC-4CBE-97DF-1C2F20B5C63F}.Debug|ARM.Deploy.0 = Debug|ARM
		{FEAC5D98-08FC-4CBE-97DF-1C2F20B5C63F}.Debug|iPhone.ActiveCfg = Debug|Any CPU
		{FEAC5D98-08FC-4CBE-97DF-1C2F20B5C63F}.Debug|iPhoneSimulator.ActiveCfg = Debug|Any CPU
		{FEAC5D98-08FC-4CBE-97DF-1C2F20B5C63F}.Debug|Mixed Platforms.ActiveCfg = Debug|x86
		{FEAC5D98-08FC-4CBE-97DF-1C2F20B5C63F}.Debug|Mixed Platforms.Build.0 = Debug|x86
		{FEAC5D98-08FC-4CBE-97DF-1C2F20B5C63F}.Debug|Mixed Platforms.Deploy.0 = Debug|x86
		{FEAC5D98-08FC-4CBE-97DF-1C2F20B5C63F}.Debug|x86.ActiveCfg = Debug|x86
		{FEAC5D98-08FC-4CBE-97DF-1C2F20B5C63F}.Debug|x86.Build.0 = Debug|x86
		{FEAC5D98-08FC-4CBE-97DF-1C2F20B5C63F}.Debug|x86.Deploy.0 = Debug|x86
		{FEAC5D98-08FC-4CBE-97DF-1C2F20B5C63F}.Release|Any CPU.ActiveCfg = Release|Any CPU
		{FEAC5D98-08FC-4CBE-97DF-1C2F20B5C63F}.Release|Any CPU.Build.0 = Release|Any CPU
		{FEAC5D98-08FC-4CBE-97DF-1C2F20B5C63F}.Release|Any CPU.Deploy.0 = Release|Any CPU
		{FEAC5D98-08FC-4CBE-97DF-1C2F20B5C63F}.Release|ARM.ActiveCfg = Release|ARM
		{FEAC5D98-08FC-4CBE-97DF-1C2F20B5C63F}.Release|ARM.Build.0 = Release|ARM
		{FEAC5D98-08FC-4CBE-97DF-1C2F20B5C63F}.Release|ARM.Deploy.0 = Release|ARM
		{FEAC5D98-08FC-4CBE-97DF-1C2F20B5C63F}.Release|iPhone.ActiveCfg = Release|Any CPU
		{FEAC5D98-08FC-4CBE-97DF-1C2F20B5C63F}.Release|iPhoneSimulator.ActiveCfg = Release|Any CPU
		{FEAC5D98-08FC-4CBE-97DF-1C2F20B5C63F}.Release|Mixed Platforms.ActiveCfg = Release|x86
		{FEAC5D98-08FC-4CBE-97DF-1C2F20B5C63F}.Release|Mixed Platforms.Build.0 = Release|x86
		{FEAC5D98-08FC-4CBE-97DF-1C2F20B5C63F}.Release|Mixed Platforms.Deploy.0 = Release|x86
		{FEAC5D98-08FC-4CBE-97DF-1C2F20B5C63F}.Release|x86.ActiveCfg = Release|x86
		{FEAC5D98-08FC-4CBE-97DF-1C2F20B5C63F}.Release|x86.Build.0 = Release|x86
		{FEAC5D98-08FC-4CBE-97DF-1C2F20B5C63F}.Release|x86.Deploy.0 = Release|x86
	EndGlobalSection
	GlobalSection(SolutionProperties) = preSolution
		HideSolutionNode = FALSE
	EndGlobalSection
	GlobalSection(NestedProjects) = preSolution
		{2F2492FA-21F2-4D36-95B5-4E1098939743} = {C5F977CE-8BBE-4B25-B685-8831EFB785C3}
		{F60676E4-219F-4D35-892F-17F62897C090} = {C5F977CE-8BBE-4B25-B685-8831EFB785C3}
		{A6662120-8DB0-4C4F-BA36-2F1E862BBF18} = {C5F977CE-8BBE-4B25-B685-8831EFB785C3}
		{FEAC5D98-08FC-4CBE-97DF-1C2F20B5C63F} = {C5F977CE-8BBE-4B25-B685-8831EFB785C3}
	EndGlobalSection
EndGlobal
